// !$*UTF8*$!
{
	archiveVersion = 1;
	classes = {
	};
	objectVersion = 46;
	objects = {

/* Begin PBXBuildFile section */
		1B8F4C262A3BE651CE83797A /* Pods_MissingPersons.framework in Frameworks */ = {isa = PBXBuildFile; fileRef = A9C94F8028A3D5B4E89C7497 /* Pods_MissingPersons.framework */; };
		CB0AC3631CE3C2F70064ACA0 /* AppDelegate.swift in Sources */ = {isa = PBXBuildFile; fileRef = CB0AC3621CE3C2F70064ACA0 /* AppDelegate.swift */; };
		CB0AC3651CE3C2F70064ACA0 /* ViewController.swift in Sources */ = {isa = PBXBuildFile; fileRef = CB0AC3641CE3C2F70064ACA0 /* ViewController.swift */; };
		CB0AC3681CE3C2F70064ACA0 /* Main.storyboard in Resources */ = {isa = PBXBuildFile; fileRef = CB0AC3661CE3C2F70064ACA0 /* Main.storyboard */; };
		CB0AC36B1CE3C2F70064ACA0 /* MissingPersons.xcdatamodeld in Sources */ = {isa = PBXBuildFile; fileRef = CB0AC3691CE3C2F70064ACA0 /* MissingPersons.xcdatamodeld */; };
		CB0AC36D1CE3C2F70064ACA0 /* Assets.xcassets in Resources */ = {isa = PBXBuildFile; fileRef = CB0AC36C1CE3C2F70064ACA0 /* Assets.xcassets */; };
		CB0AC3701CE3C2F70064ACA0 /* LaunchScreen.storyboard in Resources */ = {isa = PBXBuildFile; fileRef = CB0AC36E1CE3C2F70064ACA0 /* LaunchScreen.storyboard */; };
		CB0C912C1CE77AE700FF81F0 /* Person.swift in Sources */ = {isa = PBXBuildFile; fileRef = CB0C912B1CE77AE700FF81F0 /* Person.swift */; };
		CB0C912E1CE77C6300FF81F0 /* FaceService.swift in Sources */ = {isa = PBXBuildFile; fileRef = CB0C912D1CE77C6300FF81F0 /* FaceService.swift */; };
		CB1325DC1CE4432D0091AF62 /* PersonCell.swift in Sources */ = {isa = PBXBuildFile; fileRef = CB1325DB1CE4432D0091AF62 /* PersonCell.swift */; };
/* End PBXBuildFile section */

/* Begin PBXFileReference section */
		2E6953C88B716F7D402FE849 /* Pods-MissingPersons.debug.xcconfig */ = {isa = PBXFileReference; includeInIndex = 1; lastKnownFileType = text.xcconfig; name = "Pods-MissingPersons.debug.xcconfig"; path = "Pods/Target Support Files/Pods-MissingPersons/Pods-MissingPersons.debug.xcconfig"; sourceTree = "<group>"; };
		3FE9710C72B482114CA1BB5F /* Pods-MissingPersons.release.xcconfig */ = {isa = PBXFileReference; includeInIndex = 1; lastKnownFileType = text.xcconfig; name = "Pods-MissingPersons.release.xcconfig"; path = "Pods/Target Support Files/Pods-MissingPersons/Pods-MissingPersons.release.xcconfig"; sourceTree = "<group>"; };
		A9C94F8028A3D5B4E89C7497 /* Pods_MissingPersons.framework */ = {isa = PBXFileReference; explicitFileType = wrapper.framework; includeInIndex = 0; path = Pods_MissingPersons.framework; sourceTree = BUILT_PRODUCTS_DIR; };
		CB0AC35F1CE3C2F70064ACA0 /* MissingPersons.app */ = {isa = PBXFileReference; explicitFileType = wrapper.application; includeInIndex = 0; path = MissingPersons.app; sourceTree = BUILT_PRODUCTS_DIR; };
		CB0AC3621CE3C2F70064ACA0 /* AppDelegate.swift */ = {isa = PBXFileReference; lastKnownFileType = sourcecode.swift; path = AppDelegate.swift; sourceTree = "<group>"; };
		CB0AC3641CE3C2F70064ACA0 /* ViewController.swift */ = {isa = PBXFileReference; lastKnownFileType = sourcecode.swift; path = ViewController.swift; sourceTree = "<group>"; };
		CB0AC3671CE3C2F70064ACA0 /* Base */ = {isa = PBXFileReference; lastKnownFileType = file.storyboard; name = Base; path = Base.lproj/Main.storyboard; sourceTree = "<group>"; };
		CB0AC36A1CE3C2F70064ACA0 /* MissingPersons.xcdatamodel */ = {isa = PBXFileReference; lastKnownFileType = wrapper.xcdatamodel; path = MissingPersons.xcdatamodel; sourceTree = "<group>"; };
		CB0AC36C1CE3C2F70064ACA0 /* Assets.xcassets */ = {isa = PBXFileReference; lastKnownFileType = folder.assetcatalog; path = Assets.xcassets; sourceTree = "<group>"; };
		CB0AC36F1CE3C2F70064ACA0 /* Base */ = {isa = PBXFileReference; lastKnownFileType = file.storyboard; name = Base; path = Base.lproj/LaunchScreen.storyboard; sourceTree = "<group>"; };
		CB0AC3711CE3C2F70064ACA0 /* Info.plist */ = {isa = PBXFileReference; lastKnownFileType = text.plist.xml; path = Info.plist; sourceTree = "<group>"; };
		CB0C912B1CE77AE700FF81F0 /* Person.swift */ = {isa = PBXFileReference; fileEncoding = 4; lastKnownFileType = sourcecode.swift; path = Person.swift; sourceTree = "<group>"; };
		CB0C912D1CE77C6300FF81F0 /* FaceService.swift */ = {isa = PBXFileReference; fileEncoding = 4; lastKnownFileType = sourcecode.swift; path = FaceService.swift; sourceTree = "<group>"; };
		CB1325DB1CE4432D0091AF62 /* PersonCell.swift */ = {isa = PBXFileReference; fileEncoding = 4; lastKnownFileType = sourcecode.swift; path = PersonCell.swift; sourceTree = "<group>"; };
		CB21322E1CE664CE00EE9328 /* MissingPersons-Bridging-Header.h */ = {isa = PBXFileReference; lastKnownFileType = sourcecode.c.h; path = "MissingPersons-Bridging-Header.h"; sourceTree = "<group>"; };
/* End PBXFileReference section */

/* Begin PBXFrameworksBuildPhase section */
		CB0AC35C1CE3C2F70064ACA0 /* Frameworks */ = {
			isa = PBXFrameworksBuildPhase;
			buildActionMask = 2147483647;
			files = (
				1B8F4C262A3BE651CE83797A /* Pods_MissingPersons.framework in Frameworks */,
			);
			runOnlyForDeploymentPostprocessing = 0;
		};
/* End PBXFrameworksBuildPhase section */

/* Begin PBXGroup section */
		08CFADB5F9AF290BB4F2D836 /* Pods */ = {
			isa = PBXGroup;
			children = (
				2E6953C88B716F7D402FE849 /* Pods-MissingPersons.debug.xcconfig */,
				3FE9710C72B482114CA1BB5F /* Pods-MissingPersons.release.xcconfig */,
			);
			name = Pods;
			sourceTree = "<group>";
		};
		70394E5966493B48F85060C5 /* Frameworks */ = {
			isa = PBXGroup;
			children = (
				A9C94F8028A3D5B4E89C7497 /* Pods_MissingPersons.framework */,
			);
			name = Frameworks;
			sourceTree = "<group>";
		};
		CB0AC3561CE3C2F70064ACA0 = {
			isa = PBXGroup;
			children = (
				CB0AC3611CE3C2F70064ACA0 /* MissingPersons */,
				CB0AC3601CE3C2F70064ACA0 /* Products */,
				08CFADB5F9AF290BB4F2D836 /* Pods */,
				70394E5966493B48F85060C5 /* Frameworks */,
			);
			sourceTree = "<group>";
		};
		CB0AC3601CE3C2F70064ACA0 /* Products */ = {
			isa = PBXGroup;
			children = (
				CB0AC35F1CE3C2F70064ACA0 /* MissingPersons.app */,
			);
			name = Products;
			sourceTree = "<group>";
		};
		CB0AC3611CE3C2F70064ACA0 /* MissingPersons */ = {
			isa = PBXGroup;
			children = (
				CB405BE11CE7BCF800816E58 /* Services */,
				CB405BDE1CE7BCBE00816E58 /* Model */,
				CB405BDF1CE7BCC400816E58 /* View */,
				CB405BE01CE7BCCA00816E58 /* Controller */,
				CB0AC3621CE3C2F70064ACA0 /* AppDelegate.swift */,
				CB0AC36C1CE3C2F70064ACA0 /* Assets.xcassets */,
				CB0AC3711CE3C2F70064ACA0 /* Info.plist */,
				CB0AC3691CE3C2F70064ACA0 /* MissingPersons.xcdatamodeld */,
				CB21322E1CE664CE00EE9328 /* MissingPersons-Bridging-Header.h */,
			);
			path = MissingPersons;
			sourceTree = "<group>";
		};
		CB405BDE1CE7BCBE00816E58 /* Model */ = {
			isa = PBXGroup;
			children = (
				CB1325DB1CE4432D0091AF62 /* PersonCell.swift */,
				CB0C912B1CE77AE700FF81F0 /* Person.swift */,
			);
			name = Model;
			sourceTree = "<group>";
		};
		CB405BDF1CE7BCC400816E58 /* View */ = {
			isa = PBXGroup;
			children = (
				CB0AC3661CE3C2F70064ACA0 /* Main.storyboard */,
				CB0AC36E1CE3C2F70064ACA0 /* LaunchScreen.storyboard */,
			);
			name = View;
			sourceTree = "<group>";
		};
		CB405BE01CE7BCCA00816E58 /* Controller */ = {
			isa = PBXGroup;
			children = (
				CB0AC3641CE3C2F70064ACA0 /* ViewController.swift */,
			);
			name = Controller;
			sourceTree = "<group>";
		};
		CB405BE11CE7BCF800816E58 /* Services */ = {
			isa = PBXGroup;
			children = (
				CB0C912D1CE77C6300FF81F0 /* FaceService.swift */,
			);
			name = Services;
			sourceTree = "<group>";
		};
/* End PBXGroup section */

/* Begin PBXNativeTarget section */
		CB0AC35E1CE3C2F70064ACA0 /* MissingPersons */ = {
			isa = PBXNativeTarget;
			buildConfigurationList = CB0AC3741CE3C2F70064ACA0 /* Build configuration list for PBXNativeTarget "MissingPersons" */;
			buildPhases = (
				F0BD1B5073F1F34D7AA4B4CA /* 📦 Check Pods Manifest.lock */,
				CB0AC35B1CE3C2F70064ACA0 /* Sources */,
				CB0AC35C1CE3C2F70064ACA0 /* Frameworks */,
				CB0AC35D1CE3C2F70064ACA0 /* Resources */,
				AF97EB84B053F6531B68764F /* 📦 Embed Pods Frameworks */,
				5B77F1B25F1D29EBC7077187 /* 📦 Copy Pods Resources */,
			);
			buildRules = (
			);
			dependencies = (
			);
			name = MissingPersons;
			productName = MissingPersons;
			productReference = CB0AC35F1CE3C2F70064ACA0 /* MissingPersons.app */;
			productType = "com.apple.product-type.application";
		};
/* End PBXNativeTarget section */

/* Begin PBXProject section */
		CB0AC3571CE3C2F70064ACA0 /* Project object */ = {
			isa = PBXProject;
			attributes = {
				LastSwiftUpdateCheck = 0730;
				LastUpgradeCheck = 0730;
				ORGANIZATIONNAME = "Blake Swaidner";
				TargetAttributes = {
					CB0AC35E1CE3C2F70064ACA0 = {
						CreatedOnToolsVersion = 7.3.1;
						DevelopmentTeam = VZN2WUL34L;
					};
				};
			};
			buildConfigurationList = CB0AC35A1CE3C2F70064ACA0 /* Build configuration list for PBXProject "MissingPersons" */;
			compatibilityVersion = "Xcode 3.2";
			developmentRegion = English;
			hasScannedForEncodings = 0;
			knownRegions = (
				en,
				Base,
			);
			mainGroup = CB0AC3561CE3C2F70064ACA0;
			productRefGroup = CB0AC3601CE3C2F70064ACA0 /* Products */;
			projectDirPath = "";
			projectRoot = "";
			targets = (
				CB0AC35E1CE3C2F70064ACA0 /* MissingPersons */,
			);
		};
/* End PBXProject section */

/* Begin PBXResourcesBuildPhase section */
		CB0AC35D1CE3C2F70064ACA0 /* Resources */ = {
			isa = PBXResourcesBuildPhase;
			buildActionMask = 2147483647;
			files = (
				CB0AC3701CE3C2F70064ACA0 /* LaunchScreen.storyboard in Resources */,
				CB0AC36D1CE3C2F70064ACA0 /* Assets.xcassets in Resources */,
				CB0AC3681CE3C2F70064ACA0 /* Main.storyboard in Resources */,
			);
			runOnlyForDeploymentPostprocessing = 0;
		};
/* End PBXResourcesBuildPhase section */

/* Begin PBXShellScriptBuildPhase section */
		5B77F1B25F1D29EBC7077187 /* 📦 Copy Pods Resources */ = {
			isa = PBXShellScriptBuildPhase;
			buildActionMask = 2147483647;
			files = (
			);
			inputPaths = (
			);
			name = "📦 Copy Pods Resources";
			outputPaths = (
			);
			runOnlyForDeploymentPostprocessing = 0;
			shellPath = /bin/sh;
			shellScript = "\"${SRCROOT}/Pods/Target Support Files/Pods-MissingPersons/Pods-MissingPersons-resources.sh\"\n";
			showEnvVarsInLog = 0;
		};
		AF97EB84B053F6531B68764F /* 📦 Embed Pods Frameworks */ = {
			isa = PBXShellScriptBuildPhase;
			buildActionMask = 2147483647;
			files = (
			);
			inputPaths = (
			);
			name = "📦 Embed Pods Frameworks";
			outputPaths = (
			);
			runOnlyForDeploymentPostprocessing = 0;
			shellPath = /bin/sh;
			shellScript = "\"${SRCROOT}/Pods/Target Support Files/Pods-MissingPersons/Pods-MissingPersons-frameworks.sh\"\n";
			showEnvVarsInLog = 0;
		};
		F0BD1B5073F1F34D7AA4B4CA /* 📦 Check Pods Manifest.lock */ = {
			isa = PBXShellScriptBuildPhase;
			buildActionMask = 2147483647;
			files = (
			);
			inputPaths = (
			);
			name = "📦 Check Pods Manifest.lock";
			outputPaths = (
			);
			runOnlyForDeploymentPostprocessing = 0;
			shellPath = /bin/sh;
			shellScript = "diff \"${PODS_ROOT}/../Podfile.lock\" \"${PODS_ROOT}/Manifest.lock\" > /dev/null\nif [[ $? != 0 ]] ; then\n    cat << EOM\nerror: The sandbox is not in sync with the Podfile.lock. Run 'pod install' or update your CocoaPods installation.\nEOM\n    exit 1\nfi\n";
			showEnvVarsInLog = 0;
		};
/* End PBXShellScriptBuildPhase section */

/* Begin PBXSourcesBuildPhase section */
		CB0AC35B1CE3C2F70064ACA0 /* Sources */ = {
			isa = PBXSourcesBuildPhase;
			buildActionMask = 2147483647;
			files = (
				CB0C912C1CE77AE700FF81F0 /* Person.swift in Sources */,
				CB0AC3651CE3C2F70064ACA0 /* ViewController.swift in Sources */,
				CB0AC36B1CE3C2F70064ACA0 /* MissingPersons.xcdatamodeld in Sources */,
				CB1325DC1CE4432D0091AF62 /* PersonCell.swift in Sources */,
				CB0C912E1CE77C6300FF81F0 /* FaceService.swift in Sources */,
				CB0AC3631CE3C2F70064ACA0 /* AppDelegate.swift in Sources */,
			);
			runOnlyForDeploymentPostprocessing = 0;
		};
/* End PBXSourcesBuildPhase section */

/* Begin PBXVariantGroup section */
		CB0AC3661CE3C2F70064ACA0 /* Main.storyboard */ = {
			isa = PBXVariantGroup;
			children = (
				CB0AC3671CE3C2F70064ACA0 /* Base */,
			);
			name = Main.storyboard;
			sourceTree = "<group>";
		};
		CB0AC36E1CE3C2F70064ACA0 /* LaunchScreen.storyboard */ = {
			isa = PBXVariantGroup;
			children = (
				CB0AC36F1CE3C2F70064ACA0 /* Base */,
			);
			name = LaunchScreen.storyboard;
			sourceTree = "<group>";
		};
/* End PBXVariantGroup section */

/* Begin XCBuildConfiguration section */
		CB0AC3721CE3C2F70064ACA0 /* Debug */ = {
			isa = XCBuildConfiguration;
			buildSettings = {
				ALWAYS_SEARCH_USER_PATHS = NO;
				CLANG_ANALYZER_NONNULL = YES;
				CLANG_CXX_LANGUAGE_STANDARD = "gnu++0x";
				CLANG_CXX_LIBRARY = "libc++";
				CLANG_ENABLE_MODULES = YES;
				CLANG_ENABLE_OBJC_ARC = YES;
				CLANG_WARN_BOOL_CONVERSION = YES;
				CLANG_WARN_CONSTANT_CONVERSION = YES;
				CLANG_WARN_DIRECT_OBJC_ISA_USAGE = YES_ERROR;
				CLANG_WARN_EMPTY_BODY = YES;
				CLANG_WARN_ENUM_CONVERSION = YES;
				CLANG_WARN_INT_CONVERSION = YES;
				CLANG_WARN_OBJC_ROOT_CLASS = YES_ERROR;
				CLANG_WARN_UNREACHABLE_CODE = YES;
				CLANG_WARN__DUPLICATE_METHOD_MATCH = YES;
				"CODE_SIGN_IDENTITY[sdk=iphoneos*]" = "iPhone Developer";
				COPY_PHASE_STRIP = NO;
				DEBUG_INFORMATION_FORMAT = dwarf;
				ENABLE_STRICT_OBJC_MSGSEND = YES;
				ENABLE_TESTABILITY = YES;
				GCC_C_LANGUAGE_STANDARD = gnu99;
				GCC_DYNAMIC_NO_PIC = NO;
				GCC_NO_COMMON_BLOCKS = YES;
				GCC_OPTIMIZATION_LEVEL = 0;
				GCC_PREPROCESSOR_DEFINITIONS = (
					"DEBUG=1",
					"$(inherited)",
				);
				GCC_WARN_64_TO_32_BIT_CONVERSION = YES;
				GCC_WARN_ABOUT_RETURN_TYPE = YES_ERROR;
				GCC_WARN_UNDECLARED_SELECTOR = YES;
				GCC_WARN_UNINITIALIZED_AUTOS = YES_AGGRESSIVE;
				GCC_WARN_UNUSED_FUNCTION = YES;
				GCC_WARN_UNUSED_VARIABLE = YES;
				IPHONEOS_DEPLOYMENT_TARGET = 9.3;
				MTL_ENABLE_DEBUG_INFO = YES;
				ONLY_ACTIVE_ARCH = YES;
				SDKROOT = iphoneos;
				SWIFT_OPTIMIZATION_LEVEL = "-Onone";
			};
			name = Debug;
		};
		CB0AC3731CE3C2F70064ACA0 /* Release */ = {
			isa = XCBuildConfiguration;
			buildSettings = {
				ALWAYS_SEARCH_USER_PATHS = NO;
				CLANG_ANALYZER_NONNULL = YES;
				CLANG_CXX_LANGUAGE_STANDARD = "gnu++0x";
				CLANG_CXX_LIBRARY = "libc++";
				CLANG_ENABLE_MODULES = YES;
				CLANG_ENABLE_OBJC_ARC = YES;
				CLANG_WARN_BOOL_CONVERSION = YES;
				CLANG_WARN_CONSTANT_CONVERSION = YES;
				CLANG_WARN_DIRECT_OBJC_ISA_USAGE = YES_ERROR;
				CLANG_WARN_EMPTY_BODY = YES;
				CLANG_WARN_ENUM_CONVERSION = YES;
				CLANG_WARN_INT_CONVERSION = YES;
				CLANG_WARN_OBJC_ROOT_CLASS = YES_ERROR;
				CLANG_WARN_UNREACHABLE_CODE = YES;
				CLANG_WARN__DUPLICATE_METHOD_MATCH = YES;
				"CODE_SIGN_IDENTITY[sdk=iphoneos*]" = "iPhone Developer";
				COPY_PHASE_STRIP = NO;
				DEBUG_INFORMATION_FORMAT = "dwarf-with-dsym";
				ENABLE_NS_ASSERTIONS = NO;
				ENABLE_STRICT_OBJC_MSGSEND = YES;
				GCC_C_LANGUAGE_STANDARD = gnu99;
				GCC_NO_COMMON_BLOCKS = YES;
				GCC_WARN_64_TO_32_BIT_CONVERSION = YES;
				GCC_WARN_ABOUT_RETURN_TYPE = YES_ERROR;
				GCC_WARN_UNDECLARED_SELECTOR = YES;
				GCC_WARN_UNINITIALIZED_AUTOS = YES_AGGRESSIVE;
				GCC_WARN_UNUSED_FUNCTION = YES;
				GCC_WARN_UNUSED_VARIABLE = YES;
				IPHONEOS_DEPLOYMENT_TARGET = 9.3;
				MTL_ENABLE_DEBUG_INFO = NO;
				SDKROOT = iphoneos;
				VALIDATE_PRODUCT = YES;
			};
			name = Release;
		};
		CB0AC3751CE3C2F70064ACA0 /* Debug */ = {
			isa = XCBuildConfiguration;
			baseConfigurationReference = 2E6953C88B716F7D402FE849 /* Pods-MissingPersons.debug.xcconfig */;
			buildSettings = {
				ASSETCATALOG_COMPILER_APPICON_NAME = AppIcon;
				CLANG_ENABLE_MODULES = YES;
				INFOPLIST_FILE = MissingPersons/Info.plist;
				LD_RUNPATH_SEARCH_PATHS = "$(inherited) @executable_path/Frameworks";
				PRODUCT_BUNDLE_IDENTIFIER = com.Swaidner.MissingPersons;
				PRODUCT_NAME = "$(TARGET_NAME)";
				SWIFT_OBJC_BRIDGING_HEADER = "MissingPersons/MissingPersons-Bridging-Header.h";
				SWIFT_OPTIMIZATION_LEVEL = "-Onone";
			};
			name = Debug;
		};
		CB0AC3761CE3C2F70064ACA0 /* Release */ = {
			isa = XCBuildConfiguration;
			baseConfigurationReference = 3FE9710C72B482114CA1BB5F /* Pods-MissingPersons.release.xcconfig */;
			buildSettings = {
				ASSETCATALOG_COMPILER_APPICON_NAME = AppIcon;
				CLANG_ENABLE_MODULES = YES;
				INFOPLIST_FILE = MissingPersons/Info.plist;
				LD_RUNPATH_SEARCH_PATHS = "$(inherited) @executable_path/Frameworks";
				PRODUCT_BUNDLE_IDENTIFIER = com.Swaidner.MissingPersons;
				PRODUCT_NAME = "$(TARGET_NAME)";
				SWIFT_OBJC_BRIDGING_HEADER = "MissingPersons/MissingPersons-Bridging-Header.h";
			};
			name = Release;
		};
/* End XCBuildConfiguration section */

/* Begin XCConfigurationList section */
		CB0AC35A1CE3C2F70064ACA0 /* Build configuration list for PBXProject "MissingPersons" */ = {
			isa = XCConfigurationList;
			buildConfigurations = (
				CB0AC3721CE3C2F70064ACA0 /* Debug */,
				CB0AC3731CE3C2F70064ACA0 /* Release */,
			);
			defaultConfigurationIsVisible = 0;
			defaultConfigurationName = Release;
		};
		CB0AC3741CE3C2F70064ACA0 /* Build configuration list for PBXNativeTarget "MissingPersons" */ = {
			isa = XCConfigurationList;
			buildConfigurations = (
				CB0AC3751CE3C2F70064ACA0 /* Debug */,
				CB0AC3761CE3C2F70064ACA0 /* Release */,
			);
			defaultConfigurationIsVisible = 0;
			defaultConfigurationName = Release;
		};
/* End XCConfigurationList section */

/* Begin XCVersionGroup section */
		CB0AC3691CE3C2F70064ACA0 /* MissingPersons.xcdatamodeld */ = {
			isa = XCVersionGroup;
			children = (
				CB0AC36A1CE3C2F70064ACA0 /* MissingPersons.xcdatamodel */,
			);
			currentVersion = CB0AC36A1CE3C2F70064ACA0 /* MissingPersons.xcdatamodel */;
			path = MissingPersons.xcdatamodeld;
			sourceTree = "<group>";
			versionGroupType = wrapper.xcdatamodel;
		};
/* End XCVersionGroup section */
	};
	rootObject = CB0AC3571CE3C2F70064ACA0 /* Project object */;
}
